
Microsoft Visual Studio Solution File, Format Version 12.00
# Visual Studio Version 17
VisualStudioVersion = 17.14.36518.9 d17.14
MinimumVisualStudioVersion = 10.0.40219.1
Project("{FAE04EC0-301F-11D3-BF4B-00C04F79EFBC}") = "Çoklu dil çevirisi", "Çoklu dil çevirisi\Çoklu dil çevirisi.csproj", "{73A594C1-22D4-44CF-80C1-937EB089343C}"
EndProject
Global
	GlobalSection(SolutionConfigurationPlatforms) = preSolution
		Debug|Any CPU = Debug|Any CPU
		Release|Any CPU = Release|Any CPU
	EndGlobalSection
	GlobalSection(ProjectConfigurationPlatforms) = postSolution
		{73A594C1-22D4-44CF-80C1-937EB089343C}.Debug|Any CPU.ActiveCfg = Debug|Any CPU
		{73A594C1-22D4-44CF-80C1-937EB089343C}.Debug|Any CPU.Build.0 = Debug|Any CPU
		{73A594C1-22D4-44CF-80C1-937EB089343C}.Release|Any CPU.ActiveCfg = Release|Any CPU
		{73A594C1-22D4-44CF-80C1-937EB089343C}.Release|Any CPU.Build.0 = Release|Any CPU
	EndGlobalSection
	GlobalSection(SolutionProperties) = preSolution
		HideSolutionNode = FALSE
	EndGlobalSection
	GlobalSection(ExtensibilityGlobals) = postSolution
		SolutionGuid = {057A6BC5-9510-4993-B385-08F03472E659}
	EndGlobalSection
EndGlobal
